
Microsoft Visual Studio Solution File, Format Version 12.00
# Visual Studio 2012
Project("{FAE04EC0-301F-11D3-BF4B-00C04F79EFBC}") = "MvcApplication1", "MvcApplication1\MvcApplication1.csproj", "{D3310567-D815-4C6C-9875-A4F09DD02280}"
EndProject
Project("{FAE04EC0-301F-11D3-BF4B-00C04F79EFBC}") = "MvcApplication1.Tests", "MvcApplication1.Tests\MvcApplication1.Tests.csproj", "{24EE9A00-2821-4C05-A641-0926C2781764}"
EndProject
Global
	GlobalSection(SolutionConfigurationPlatforms) = preSolution
		Debug|Any CPU = Debug|Any CPU
		Release|Any CPU = Release|Any CPU
	EndGlobalSection
	GlobalSection(ProjectConfigurationPlatforms) = postSolution
		{D3310567-D815-4C6C-9875-A4F09DD02280}.Debug|Any CPU.ActiveCfg = Debug|Any CPU
		{D3310567-D815-4C6C-9875-A4F09DD02280}.Debug|Any CPU.Build.0 = Debug|Any CPU
		{D3310567-D815-4C6C-9875-A4F09DD02280}.Release|Any CPU.ActiveCfg = Release|Any CPU
		{D3310567-D815-4C6C-9875-A4F09DD02280}.Release|Any CPU.Build.0 = Release|Any CPU
		{24EE9A00-2821-4C05-A641-0926C2781764}.Debug|Any CPU.ActiveCfg = Debug|Any CPU
		{24EE9A00-2821-4C05-A641-0926C2781764}.Debug|Any CPU.Build.0 = Debug|Any CPU
		{24EE9A00-2821-4C05-A641-0926C2781764}.Release|Any CPU.ActiveCfg = Release|Any CPU
		{24EE9A00-2821-4C05-A641-0926C2781764}.Release|Any CPU.Build.0 = Release|Any CPU
	EndGlobalSection
	GlobalSection(SolutionProperties) = preSolution
		HideSolutionNode = FALSE
	EndGlobalSection
EndGlobal
